// !$*UTF8*$!
{
	archiveVersion = 1;
	classes = {
	};
	objectVersion = 56;
	objects = {

/* Begin PBXBuildFile section */
		4009598829718A66002303C7 /* Assets.xcassets in Resources */ = {isa = PBXBuildFile; fileRef = 4009598729718A65002303C7 /* Assets.xcassets */; };
		403DDAA0296FEFCF00FC2213 /* AppDelegate.swift in Sources */ = {isa = PBXBuildFile; fileRef = 403DDA9F296FEFCF00FC2213 /* AppDelegate.swift */; };
		403DDAA2296FEFCF00FC2213 /* SceneDelegate.swift in Sources */ = {isa = PBXBuildFile; fileRef = 403DDAA1296FEFCF00FC2213 /* SceneDelegate.swift */; };
		403DDAA4296FEFCF00FC2213 /* ViewController.swift in Sources */ = {isa = PBXBuildFile; fileRef = 403DDAA3296FEFCF00FC2213 /* ViewController.swift */; };
		403DDAA7296FEFCF00FC2213 /* Main.storyboard in Resources */ = {isa = PBXBuildFile; fileRef = 403DDAA5296FEFCF00FC2213 /* Main.storyboard */; };
		403DDAAC296FEFD100FC2213 /* LaunchScreen.storyboard in Resources */ = {isa = PBXBuildFile; fileRef = 403DDAAA296FEFD100FC2213 /* LaunchScreen.storyboard */; };
		403DDAB7296FEFD100FC2213 /* Quiz_Me_UpTests.swift in Sources */ = {isa = PBXBuildFile; fileRef = 403DDAB6296FEFD100FC2213 /* Quiz_Me_UpTests.swift */; };
		403DDAC1296FEFD100FC2213 /* Quiz_Me_UpUITests.swift in Sources */ = {isa = PBXBuildFile; fileRef = 403DDAC0296FEFD100FC2213 /* Quiz_Me_UpUITests.swift */; };
		403DDAC3296FEFD100FC2213 /* Quiz_Me_UpUITestsLaunchTests.swift in Sources */ = {isa = PBXBuildFile; fileRef = 403DDAC2296FEFD100FC2213 /* Quiz_Me_UpUITestsLaunchTests.swift */; };
		403DDAD4296FF46E00FC2213 /* quiz.png in Resources */ = {isa = PBXBuildFile; fileRef = 403DDAD3296FF46E00FC2213 /* quiz.png */; };
		403DDADA297009BC00FC2213 /* allyson-souza-JabLtzJl8bc-unspla.png in Resources */ = {isa = PBXBuildFile; fileRef = 403DDAD9297009BC00FC2213 /* allyson-souza-JabLtzJl8bc-unspla.png */; };
		40571ECC2970199F002B9DE1 /* scoreViewController.swift in Sources */ = {isa = PBXBuildFile; fileRef = 40571ECB2970199F002B9DE1 /* scoreViewController.swift */; };
/* End PBXBuildFile section */

/* Begin PBXContainerItemProxy section */
		403DDAB3296FEFD100FC2213 /* PBXContainerItemProxy */ = {
			isa = PBXContainerItemProxy;
			containerPortal = 403DDA94296FEFCF00FC2213 /* Project object */;
			proxyType = 1;
			remoteGlobalIDString = 403DDA9B296FEFCF00FC2213;
			remoteInfo = "Quiz Me Up";
		};
		403DDABD296FEFD100FC2213 /* PBXContainerItemProxy */ = {
			isa = PBXContainerItemProxy;
			containerPortal = 403DDA94296FEFCF00FC2213 /* Project object */;
			proxyType = 1;
			remoteGlobalIDString = 403DDA9B296FEFCF00FC2213;
			remoteInfo = "Quiz Me Up";
		};
/* End PBXContainerItemProxy section */

/* Begin PBXFileReference section */
		4009598729718A65002303C7 /* Assets.xcassets */ = {isa = PBXFileReference; lastKnownFileType = folder.assetcatalog; name = Assets.xcassets; path = ../../../Downloads/AppIcons/Assets.xcassets; sourceTree = "<group>"; };
		403DDA9C296FEFCF00FC2213 /* Quiz Me Up.app */ = {isa = PBXFileReference; explicitFileType = wrapper.application; includeInIndex = 0; path = "Quiz Me Up.app"; sourceTree = BUILT_PRODUCTS_DIR; };
		403DDA9F296FEFCF00FC2213 /* AppDelegate.swift */ = {isa = PBXFileReference; lastKnownFileType = sourcecode.swift; path = AppDelegate.swift; sourceTree = "<group>"; };
		403DDAA1296FEFCF00FC2213 /* SceneDelegate.swift */ = {isa = PBXFileReference; lastKnownFileType = sourcecode.swift; path = SceneDelegate.swift; sourceTree = "<group>"; };
		403DDAA3296FEFCF00FC2213 /* ViewController.swift */ = {isa = PBXFileReference; lastKnownFileType = sourcecode.swift; path = ViewController.swift; sourceTree = "<group>"; };
		403DDAA6296FEFCF00FC2213 /* Base */ = {isa = PBXFileReference; lastKnownFileType = file.storyboard; name = Base; path = Base.lproj/Main.storyboard; sourceTree = "<group>"; };
		403DDAAB296FEFD100FC2213 /* Base */ = {isa = PBXFileReference; lastKnownFileType = file.storyboard; name = Base; path = Base.lproj/LaunchScreen.storyboard; sourceTree = "<group>"; };
		403DDAAD296FEFD100FC2213 /* Info.plist */ = {isa = PBXFileReference; lastKnownFileType = text.plist.xml; path = Info.plist; sourceTree = "<group>"; };
		403DDAB2296FEFD100FC2213 /* Quiz Me UpTests.xctest */ = {isa = PBXFileReference; explicitFileType = wrapper.cfbundle; includeInIndex = 0; path = "Quiz Me UpTests.xctest"; sourceTree = BUILT_PRODUCTS_DIR; };
		403DDAB6296FEFD100FC2213 /* Quiz_Me_UpTests.swift */ = {isa = PBXFileReference; lastKnownFileType = sourcecode.swift; path = Quiz_Me_UpTests.swift; sourceTree = "<group>"; };
		403DDABC296FEFD100FC2213 /* Quiz Me UpUITests.xctest */ = {isa = PBXFileReference; explicitFileType = wrapper.cfbundle; includeInIndex = 0; path = "Quiz Me UpUITests.xctest"; sourceTree = BUILT_PRODUCTS_DIR; };
		403DDAC0296FEFD100FC2213 /* Quiz_Me_UpUITests.swift */ = {isa = PBXFileReference; lastKnownFileType = sourcecode.swift; path = Quiz_Me_UpUITests.swift; sourceTree = "<group>"; };
		403DDAC2296FEFD100FC2213 /* Quiz_Me_UpUITestsLaunchTests.swift */ = {isa = PBXFileReference; lastKnownFileType = sourcecode.swift; path = Quiz_Me_UpUITestsLaunchTests.swift; sourceTree = "<group>"; };
		403DDAD3296FF46E00FC2213 /* quiz.png */ = {isa = PBXFileReference; lastKnownFileType = image.png; path = quiz.png; sourceTree = "<group>"; };
		403DDAD9297009BC00FC2213 /* allyson-souza-JabLtzJl8bc-unspla.png */ = {isa = PBXFileReference; lastKnownFileType = image.png; path = "allyson-souza-JabLtzJl8bc-unspla.png"; sourceTree = "<group>"; };
		40571ECB2970199F002B9DE1 /* scoreViewController.swift */ = {isa = PBXFileReference; lastKnownFileType = sourcecode.swift; path = scoreViewController.swift; sourceTree = "<group>"; };
/* End PBXFileReference section */

/* Begin PBXFrameworksBuildPhase section */
		403DDA99296FEFCF00FC2213 /* Frameworks */ = {
			isa = PBXFrameworksBuildPhase;
			buildActionMask = 2147483647;
			files = (
			);
			runOnlyForDeploymentPostprocessing = 0;
		};
		403DDAAF296FEFD100FC2213 /* Frameworks */ = {
			isa = PBXFrameworksBuildPhase;
			buildActionMask = 2147483647;
			files = (
			);
			runOnlyForDeploymentPostprocessing = 0;
		};
		403DDAB9296FEFD100FC2213 /* Frameworks */ = {
			isa = PBXFrameworksBuildPhase;
			buildActionMask = 2147483647;
			files = (
			);
			runOnlyForDeploymentPostprocessing = 0;
		};
/* End PBXFrameworksBuildPhase section */

/* Begin PBXGroup section */
		403DDA93296FEFCF00FC2213 = {
			isa = PBXGroup;
			children = (
				403DDA9E296FEFCF00FC2213 /* Quiz Me Up */,
				403DDAB5296FEFD100FC2213 /* Quiz Me UpTests */,
				403DDABF296FEFD100FC2213 /* Quiz Me UpUITests */,
				403DDA9D296FEFCF00FC2213 /* Products */,
			);
			sourceTree = "<group>";
		};
		403DDA9D296FEFCF00FC2213 /* Products */ = {
			isa = PBXGroup;
			children = (
				403DDA9C296FEFCF00FC2213 /* Quiz Me Up.app */,
				403DDAB2296FEFD100FC2213 /* Quiz Me UpTests.xctest */,
				403DDABC296FEFD100FC2213 /* Quiz Me UpUITests.xctest */,
			);
			name = Products;
			sourceTree = "<group>";
		};
		403DDA9E296FEFCF00FC2213 /* Quiz Me Up */ = {
			isa = PBXGroup;
			children = (
				403DDADD29700CAF00FC2213 /* views */,
				403DDA9F296FEFCF00FC2213 /* AppDelegate.swift */,
				403DDAA1296FEFCF00FC2213 /* SceneDelegate.swift */,
				4009598729718A65002303C7 /* Assets.xcassets */,
				403DDAD9297009BC00FC2213 /* allyson-souza-JabLtzJl8bc-unspla.png */,
				403DDAD3296FF46E00FC2213 /* quiz.png */,
				403DDAAA296FEFD100FC2213 /* LaunchScreen.storyboard */,
				403DDAA3296FEFCF00FC2213 /* ViewController.swift */,
				403DDAAD296FEFD100FC2213 /* Info.plist */,
			);
			path = "Quiz Me Up";
			sourceTree = "<group>";
		};
		403DDAB5296FEFD100FC2213 /* Quiz Me UpTests */ = {
			isa = PBXGroup;
			children = (
				403DDAB6296FEFD100FC2213 /* Quiz_Me_UpTests.swift */,
			);
			path = "Quiz Me UpTests";
			sourceTree = "<group>";
		};
		403DDABF296FEFD100FC2213 /* Quiz Me UpUITests */ = {
			isa = PBXGroup;
			children = (
				403DDAC0296FEFD100FC2213 /* Quiz_Me_UpUITests.swift */,
				403DDAC2296FEFD100FC2213 /* Quiz_Me_UpUITestsLaunchTests.swift */,
			);
			path = "Quiz Me UpUITests";
			sourceTree = "<group>";
		};
		403DDADD29700CAF00FC2213 /* views */ = {
			isa = PBXGroup;
			children = (
				403DDAA5296FEFCF00FC2213 /* Main.storyboard */,
				40571ECB2970199F002B9DE1 /* scoreViewController.swift */,
			);
			path = views;
			sourceTree = "<group>";
		};
/* End PBXGroup section */

/* Begin PBXNativeTarget section */
		403DDA9B296FEFCF00FC2213 /* Quiz Me Up */ = {
			isa = PBXNativeTarget;
			buildConfigurationList = 403DDAC6296FEFD100FC2213 /* Build configuration list for PBXNativeTarget "Quiz Me Up" */;
			buildPhases = (
				403DDA98296FEFCF00FC2213 /* Sources */,
				403DDA99296FEFCF00FC2213 /* Frameworks */,
				403DDA9A296FEFCF00FC2213 /* Resources */,
			);
			buildRules = (
			);
			dependencies = (
			);
			name = "Quiz Me Up";
			productName = "Quiz Me Up";
			productReference = 403DDA9C296FEFCF00FC2213 /* Quiz Me Up.app */;
			productType = "com.apple.product-type.application";
		};
		403DDAB1296FEFD100FC2213 /* Quiz Me UpTests */ = {
			isa = PBXNativeTarget;
			buildConfigurationList = 403DDAC9296FEFD100FC2213 /* Build configuration list for PBXNativeTarget "Quiz Me UpTests" */;
			buildPhases = (
				403DDAAE296FEFD100FC2213 /* Sources */,
				403DDAAF296FEFD100FC2213 /* Frameworks */,
				403DDAB0296FEFD100FC2213 /* Resources */,
			);
			buildRules = (
			);
			dependencies = (
				403DDAB4296FEFD100FC2213 /* PBXTargetDependency */,
			);
			name = "Quiz Me UpTests";
			productName = "Quiz Me UpTests";
			productReference = 403DDAB2296FEFD100FC2213 /* Quiz Me UpTests.xctest */;
			productType = "com.apple.product-type.bundle.unit-test";
		};
		403DDABB296FEFD100FC2213 /* Quiz Me UpUITests */ = {
			isa = PBXNativeTarget;
			buildConfigurationList = 403DDACC296FEFD100FC2213 /* Build configuration list for PBXNativeTarget "Quiz Me UpUITests" */;
			buildPhases = (
				403DDAB8296FEFD100FC2213 /* Sources */,
				403DDAB9296FEFD100FC2213 /* Frameworks */,
				403DDABA296FEFD100FC2213 /* Resources */,
			);
			buildRules = (
			);
			dependencies = (
				403DDABE296FEFD100FC2213 /* PBXTargetDependency */,
			);
			name = "Quiz Me UpUITests";
			productName = "Quiz Me UpUITests";
			productReference = 403DDABC296FEFD100FC2213 /* Quiz Me UpUITests.xctest */;
			productType = "com.apple.product-type.bundle.ui-testing";
		};
/* End PBXNativeTarget section */

/* Begin PBXProject section */
		403DDA94296FEFCF00FC2213 /* Project object */ = {
			isa = PBXProject;
			attributes = {
				BuildIndependentTargetsInParallel = 1;
				LastSwiftUpdateCheck = 1420;
				LastUpgradeCheck = 1420;
				TargetAttributes = {
					403DDA9B296FEFCF00FC2213 = {
						CreatedOnToolsVersion = 14.2;
					};
					403DDAB1296FEFD100FC2213 = {
						CreatedOnToolsVersion = 14.2;
						TestTargetID = 403DDA9B296FEFCF00FC2213;
					};
					403DDABB296FEFD100FC2213 = {
						CreatedOnToolsVersion = 14.2;
						TestTargetID = 403DDA9B296FEFCF00FC2213;
					};
				};
			};
			buildConfigurationList = 403DDA97296FEFCF00FC2213 /* Build configuration list for PBXProject "Quiz Me Up" */;
			compatibilityVersion = "Xcode 14.0";
			developmentRegion = en;
			hasScannedForEncodings = 0;
			knownRegions = (
				en,
				Base,
			);
			mainGroup = 403DDA93296FEFCF00FC2213;
			productRefGroup = 403DDA9D296FEFCF00FC2213 /* Products */;
			projectDirPath = "";
			projectRoot = "";
			targets = (
				403DDA9B296FEFCF00FC2213 /* Quiz Me Up */,
				403DDAB1296FEFD100FC2213 /* Quiz Me UpTests */,
				403DDABB296FEFD100FC2213 /* Quiz Me UpUITests */,
			);
		};
/* End PBXProject section */

/* Begin PBXResourcesBuildPhase section */
		403DDA9A296FEFCF00FC2213 /* Resources */ = {
			isa = PBXResourcesBuildPhase;
			buildActionMask = 2147483647;
			files = (
				403DDAD4296FF46E00FC2213 /* quiz.png in Resources */,
				403DDAAC296FEFD100FC2213 /* LaunchScreen.storyboard in Resources */,
				403DDADA297009BC00FC2213 /* allyson-souza-JabLtzJl8bc-unspla.png in Resources */,
				4009598829718A66002303C7 /* Assets.xcassets in Resources */,
				403DDAA7296FEFCF00FC2213 /* Main.storyboard in Resources */,
			);
			runOnlyForDeploymentPostprocessing = 0;
		};
		403DDAB0296FEFD100FC2213 /* Resources */ = {
			isa = PBXResourcesBuildPhase;
			buildActionMask = 2147483647;
			files = (
			);
			runOnlyForDeploymentPostprocessing = 0;
		};
		403DDABA296FEFD100FC2213 /* Resources */ = {
			isa = PBXResourcesBuildPhase;
			buildActionMask = 2147483647;
			files = (
			);
			runOnlyForDeploymentPostprocessing = 0;
		};
/* End PBXResourcesBuildPhase section */

/* Begin PBXSourcesBuildPhase section */
		403DDA98296FEFCF00FC2213 /* Sources */ = {
			isa = PBXSourcesBuildPhase;
			buildActionMask = 2147483647;
			files = (
				403DDAA4296FEFCF00FC2213 /* ViewController.swift in Sources */,
				403DDAA0296FEFCF00FC2213 /* AppDelegate.swift in Sources */,
				403DDAA2296FEFCF00FC2213 /* SceneDelegate.swift in Sources */,
				40571ECC2970199F002B9DE1 /* scoreViewController.swift in Sources */,
			);
			runOnlyForDeploymentPostprocessing = 0;
		};
		403DDAAE296FEFD100FC2213 /* Sources */ = {
			isa = PBXSourcesBuildPhase;
			buildActionMask = 2147483647;
			files = (
				403DDAB7296FEFD100FC2213 /* Quiz_Me_UpTests.swift in Sources */,
			);
			runOnlyForDeploymentPostprocessing = 0;
		};
		403DDAB8296FEFD100FC2213 /* Sources */ = {
			isa = PBXSourcesBuildPhase;
			buildActionMask = 2147483647;
			files = (
				403DDAC3296FEFD100FC2213 /* Quiz_Me_UpUITestsLaunchTests.swift in Sources */,
				403DDAC1296FEFD100FC2213 /* Quiz_Me_UpUITests.swift in Sources */,
			);
			runOnlyForDeploymentPostprocessing = 0;
		};
/* End PBXSourcesBuildPhase section */

/* Begin PBXTargetDependency section */
		403DDAB4296FEFD100FC2213 /* PBXTargetDependency */ = {
			isa = PBXTargetDependency;
			target = 403DDA9B296FEFCF00FC2213 /* Quiz Me Up */;
			targetProxy = 403DDAB3296FEFD100FC2213 /* PBXContainerItemProxy */;
		};
		403DDABE296FEFD100FC2213 /* PBXTargetDependency */ = {
			isa = PBXTargetDependency;
			target = 403DDA9B296FEFCF00FC2213 /* Quiz Me Up */;
			targetProxy = 403DDABD296FEFD100FC2213 /* PBXContainerItemProxy */;
		};
/* End PBXTargetDependency section */

/* Begin PBXVariantGroup section */
		403DDAA5296FEFCF00FC2213 /* Main.storyboard */ = {
			isa = PBXVariantGroup;
			children = (
				403DDAA6296FEFCF00FC2213 /* Base */,
			);
			name = Main.storyboard;
			sourceTree = "<group>";
		};
		403DDAAA296FEFD100FC2213 /* LaunchScreen.storyboard */ = {
			isa = PBXVariantGroup;
			children = (
				403DDAAB296FEFD100FC2213 /* Base */,
			);
			name = LaunchScreen.storyboard;
			sourceTree = "<group>";
		};
/* End PBXVariantGroup section */

/* Begin XCBuildConfiguration section */
		403DDAC4296FEFD100FC2213 /* Debug */ = {
			isa = XCBuildConfiguration;
			buildSettings = {
				ALWAYS_SEARCH_USER_PATHS = NO;
				CLANG_ANALYZER_NONNULL = YES;
				CLANG_ANALYZER_NUMBER_OBJECT_CONVERSION = YES_AGGRESSIVE;
				CLANG_CXX_LANGUAGE_STANDARD = "gnu++20";
				CLANG_ENABLE_MODULES = YES;
				CLANG_ENABLE_OBJC_ARC = YES;
				CLANG_ENABLE_OBJC_WEAK = YES;
				CLANG_WARN_BLOCK_CAPTURE_AUTORELEASING = YES;
				CLANG_WARN_BOOL_CONVERSION = YES;
				CLANG_WARN_COMMA = YES;
				CLANG_WARN_CONSTANT_CONVERSION = YES;
				CLANG_WARN_DEPRECATED_OBJC_IMPLEMENTATIONS = YES;
				CLANG_WARN_DIRECT_OBJC_ISA_USAGE = YES_ERROR;
				CLANG_WARN_DOCUMENTATION_COMMENTS = YES;
				CLANG_WARN_EMPTY_BODY = YES;
				CLANG_WARN_ENUM_CONVERSION = YES;
				CLANG_WARN_INFINITE_RECURSION = YES;
				CLANG_WARN_INT_CONVERSION = YES;
				CLANG_WARN_NON_LITERAL_NULL_CONVERSION = YES;
				CLANG_WARN_OBJC_IMPLICIT_RETAIN_SELF = YES;
				CLANG_WARN_OBJC_LITERAL_CONVERSION = YES;
				CLANG_WARN_OBJC_ROOT_CLASS = YES_ERROR;
				CLANG_WARN_QUOTED_INCLUDE_IN_FRAMEWORK_HEADER = YES;
				CLANG_WARN_RANGE_LOOP_ANALYSIS = YES;
				CLANG_WARN_STRICT_PROTOTYPES = YES;
				CLANG_WARN_SUSPICIOUS_MOVE = YES;
				CLANG_WARN_UNGUARDED_AVAILABILITY = YES_AGGRESSIVE;
				CLANG_WARN_UNREACHABLE_CODE = YES;
				CLANG_WARN__DUPLICATE_METHOD_MATCH = YES;
				COPY_PHASE_STRIP = NO;
				DEBUG_INFORMATION_FORMAT = dwarf;
				ENABLE_STRICT_OBJC_MSGSEND = YES;
				ENABLE_TESTABILITY = YES;
				GCC_C_LANGUAGE_STANDARD = gnu11;
				GCC_DYNAMIC_NO_PIC = NO;
				GCC_NO_COMMON_BLOCKS = YES;
				GCC_OPTIMIZATION_LEVEL = 0;
				GCC_PREPROCESSOR_DEFINITIONS = (
					"DEBUG=1",
					"$(inherited)",
				);
				GCC_WARN_64_TO_32_BIT_CONVERSION = YES;
				GCC_WARN_ABOUT_RETURN_TYPE = YES_ERROR;
				GCC_WARN_UNDECLARED_SELECTOR = YES;
				GCC_WARN_UNINITIALIZED_AUTOS = YES_AGGRESSIVE;
				GCC_WARN_UNUSED_FUNCTION = YES;
				GCC_WARN_UNUSED_VARIABLE = YES;
				IPHONEOS_DEPLOYMENT_TARGET = 16.2;
				MTL_ENABLE_DEBUG_INFO = INCLUDE_SOURCE;
				MTL_FAST_MATH = YES;
				ONLY_ACTIVE_ARCH = YES;
				SDKROOT = iphoneos;
				SWIFT_ACTIVE_COMPILATION_CONDITIONS = DEBUG;
				SWIFT_OPTIMIZATION_LEVEL = "-Onone";
			};
			name = Debug;
		};
		403DDAC5296FEFD100FC2213 /* Release */ = {
			isa = XCBuildConfiguration;
			buildSettings = {
				ALWAYS_SEARCH_USER_PATHS = NO;
				CLANG_ANALYZER_NONNULL = YES;
				CLANG_ANALYZER_NUMBER_OBJECT_CONVERSION = YES_AGGRESSIVE;
				CLANG_CXX_LANGUAGE_STANDARD = "gnu++20";
				CLANG_ENABLE_MODULES = YES;
				CLANG_ENABLE_OBJC_ARC = YES;
				CLANG_ENABLE_OBJC_WEAK = YES;
				CLANG_WARN_BLOCK_CAPTURE_AUTORELEASING = YES;
				CLANG_WARN_BOOL_CONVERSION = YES;
				CLANG_WARN_COMMA = YES;
				CLANG_WARN_CONSTANT_CONVERSION = YES;
				CLANG_WARN_DEPRECATED_OBJC_IMPLEMENTATIONS = YES;
				CLANG_WARN_DIRECT_OBJC_ISA_USAGE = YES_ERROR;
				CLANG_WARN_DOCUMENTATION_COMMENTS = YES;
				CLANG_WARN_EMPTY_BODY = YES;
				CLANG_WARN_ENUM_CONVERSION = YES;
				CLANG_WARN_INFINITE_RECURSION = YES;
				CLANG_WARN_INT_CONVERSION = YES;
				CLANG_WARN_NON_LITERAL_NULL_CONVERSION = YES;
				CLANG_WARN_OBJC_IMPLICIT_RETAIN_SELF = YES;
				CLANG_WARN_OBJC_LITERAL_CONVERSION = YES;
				CLANG_WARN_OBJC_ROOT_CLASS = YES_ERROR;
				CLANG_WARN_QUOTED_INCLUDE_IN_FRAMEWORK_HEADER = YES;
				CLANG_WARN_RANGE_LOOP_ANALYSIS = YES;
				CLANG_WARN_STRICT_PROTOTYPES = YES;
				CLANG_WARN_SUSPICIOUS_MOVE = YES;
				CLANG_WARN_UNGUARDED_AVAILABILITY = YES_AGGRESSIVE;
				CLANG_WARN_UNREACHABLE_CODE = YES;
				CLANG_WARN__DUPLICATE_METHOD_MATCH = YES;
				COPY_PHASE_STRIP = NO;
				DEBUG_INFORMATION_FORMAT = "dwarf-with-dsym";
				ENABLE_NS_ASSERTIONS = NO;
				ENABLE_STRICT_OBJC_MSGSEND = YES;
				GCC_C_LANGUAGE_STANDARD = gnu11;
				GCC_NO_COMMON_BLOCKS = YES;
				GCC_WARN_64_TO_32_BIT_CONVERSION = YES;
				GCC_WARN_ABOUT_RETURN_TYPE = YES_ERROR;
				GCC_WARN_UNDECLARED_SELECTOR = YES;
				GCC_WARN_UNINITIALIZED_AUTOS = YES_AGGRESSIVE;
				GCC_WARN_UNUSED_FUNCTION = YES;
				GCC_WARN_UNUSED_VARIABLE = YES;
				IPHONEOS_DEPLOYMENT_TARGET = 16.2;
				MTL_ENABLE_DEBUG_INFO = NO;
				MTL_FAST_MATH = YES;
				SDKROOT = iphoneos;
				SWIFT_COMPILATION_MODE = wholemodule;
				SWIFT_OPTIMIZATION_LEVEL = "-O";
				VALIDATE_PRODUCT = YES;
			};
			name = Release;
		};
		403DDAC7296FEFD100FC2213 /* Debug */ = {
			isa = XCBuildConfiguration;
			buildSettings = {
				ASSETCATALOG_COMPILER_APPICON_NAME = AppIcon;
				ASSETCATALOG_COMPILER_GLOBAL_ACCENT_COLOR_NAME = AccentColor;
				CODE_SIGN_STYLE = Automatic;
				CURRENT_PROJECT_VERSION = 1;
				DEVELOPMENT_TEAM = D5M38GX662;
				GENERATE_INFOPLIST_FILE = YES;
				INFOPLIST_FILE = "Quiz Me Up/Info.plist";
				INFOPLIST_KEY_UIApplicationSupportsIndirectInputEvents = YES;
				INFOPLIST_KEY_UILaunchStoryboardName = LaunchScreen;
				INFOPLIST_KEY_UIMainStoryboardFile = Main;
				INFOPLIST_KEY_UISupportedInterfaceOrientations_iPad = "UIInterfaceOrientationPortrait UIInterfaceOrientationPortraitUpsideDown UIInterfaceOrientationLandscapeLeft UIInterfaceOrientationLandscapeRight";
				INFOPLIST_KEY_UISupportedInterfaceOrientations_iPhone = "UIInterfaceOrientationPortrait UIInterfaceOrientationLandscapeLeft UIInterfaceOrientationLandscapeRight";
				LD_RUNPATH_SEARCH_PATHS = (
					"$(inherited)",
					"@executable_path/Frameworks",
				);
				MARKETING_VERSION = 1.0;
				PRODUCT_BUNDLE_IDENTIFIER = "com.pravalappdev.Quiz-Me-Up";
				PRODUCT_NAME = "$(TARGET_NAME)";
				SWIFT_EMIT_LOC_STRINGS = YES;
				SWIFT_VERSION = 5.0;
				TARGETED_DEVICE_FAMILY = "1,2";
			};
			name = Debug;
		};
		403DDAC8296FEFD100FC2213 /* Release */ = {
			isa = XCBuildConfiguration;
			buildSettings = {
				ASSETCATALOG_COMPILER_APPICON_NAME = AppIcon;
				ASSETCATALOG_COMPILER_GLOBAL_ACCENT_COLOR_NAME = AccentColor;
				CODE_SIGN_STYLE = Automatic;
				CURRENT_PROJECT_VERSION = 1;
				DEVELOPMENT_TEAM = D5M38GX662;
				GENERATE_INFOPLIST_FILE = YES;
				INFOPLIST_FILE = "Quiz Me Up/Info.plist";
				INFOPLIST_KEY_UIApplicationSupportsIndirectInputEvents = YES;
				INFOPLIST_KEY_UILaunchStoryboardName = LaunchScreen;
				INFOPLIST_KEY_UIMainStoryboardFile = Main;
				INFOPLIST_KEY_UISupportedInterfaceOrientations_iPad = "UIInterfaceOrientationPortrait UIInterfaceOrientationPortraitUpsideDown UIInterfaceOrientationLandscapeLeft UIInterfaceOrientationLandscapeRight";
				INFOPLIST_KEY_UISupportedInterfaceOrientations_iPhone = "UIInterfaceOrientationPortrait UIInterfaceOrientationLandscapeLeft UIInterfaceOrientationLandscapeRight";
				LD_RUNPATH_SEARCH_PATHS = (
					"$(inherited)",
					"@executable_path/Frameworks",
				);
				MARKETING_VERSION = 1.0;
				PRODUCT_BUNDLE_IDENTIFIER = "com.pravalappdev.Quiz-Me-Up";
				PRODUCT_NAME = "$(TARGET_NAME)";
				SWIFT_EMIT_LOC_STRINGS = YES;
				SWIFT_VERSION = 5.0;
				TARGETED_DEVICE_FAMILY = "1,2";
			};
			name = Release;
		};
		403DDACA296FEFD100FC2213 /* Debug */ = {
			isa = XCBuildConfiguration;
			buildSettings = {
				ALWAYS_EMBED_SWIFT_STANDARD_LIBRARIES = YES;
				BUNDLE_LOADER = "$(TEST_HOST)";
				CODE_SIGN_STYLE = Automatic;
				CURRENT_PROJECT_VERSION = 1;
				GENERATE_INFOPLIST_FILE = YES;
				IPHONEOS_DEPLOYMENT_TARGET = 16.2;
				MARKETING_VERSION = 1.0;
				PRODUCT_BUNDLE_IDENTIFIER = "com.pravalappdev.Quiz-Me-UpTests";
				PRODUCT_NAME = "$(TARGET_NAME)";
				SWIFT_EMIT_LOC_STRINGS = NO;
				SWIFT_VERSION = 5.0;
				TARGETED_DEVICE_FAMILY = "1,2";
				TEST_HOST = "$(BUILT_PRODUCTS_DIR)/Quiz Me Up.app/$(BUNDLE_EXECUTABLE_FOLDER_PATH)/Quiz Me Up";
			};
			name = Debug;
		};
		403DDACB296FEFD100FC2213 /* Release */ = {
			isa = XCBuildConfiguration;
			buildSettings = {
				ALWAYS_EMBED_SWIFT_STANDARD_LIBRARIES = YES;
				BUNDLE_LOADER = "$(TEST_HOST)";
				CODE_SIGN_STYLE = Automatic;
				CURRENT_PROJECT_VERSION = 1;
				GENERATE_INFOPLIST_FILE = YES;
				IPHONEOS_DEPLOYMENT_TARGET = 16.2;
				MARKETING_VERSION = 1.0;
				PRODUCT_BUNDLE_IDENTIFIER = "com.pravalappdev.Quiz-Me-UpTests";
				PRODUCT_NAME = "$(TARGET_NAME)";
				SWIFT_EMIT_LOC_STRINGS = NO;
				SWIFT_VERSION = 5.0;
				TARGETED_DEVICE_FAMILY = "1,2";
				TEST_HOST = "$(BUILT_PRODUCTS_DIR)/Quiz Me Up.app/$(BUNDLE_EXECUTABLE_FOLDER_PATH)/Quiz Me Up";
			};
			name = Release;
		};
		403DDACD296FEFD100FC2213 /* Debug */ = {
			isa = XCBuildConfiguration;
			buildSettings = {
				ALWAYS_EMBED_SWIFT_STANDARD_LIBRARIES = YES;
				CODE_SIGN_STYLE = Automatic;
				CURRENT_PROJECT_VERSION = 1;
				GENERATE_INFOPLIST_FILE = YES;
				MARKETING_VERSION = 1.0;
				PRODUCT_BUNDLE_IDENTIFIER = "com.pravalappdev.Quiz-Me-UpUITests";
				PRODUCT_NAME = "$(TARGET_NAME)";
				SWIFT_EMIT_LOC_STRINGS = NO;
				SWIFT_VERSION = 5.0;
				TARGETED_DEVICE_FAMILY = "1,2";
				TEST_TARGET_NAME = "Quiz Me Up";
			};
			name = Debug;
		};
		403DDACE296FEFD100FC2213 /* Release */ = {
			isa = XCBuildConfiguration;
			buildSettings = {
				ALWAYS_EMBED_SWIFT_STANDARD_LIBRARIES = YES;
				CODE_SIGN_STYLE = Automatic;
				CURRENT_PROJECT_VERSION = 1;
				GENERATE_INFOPLIST_FILE = YES;
				MARKETING_VERSION = 1.0;
				PRODUCT_BUNDLE_IDENTIFIER = "com.pravalappdev.Quiz-Me-UpUITests";
				PRODUCT_NAME = "$(TARGET_NAME)";
				SWIFT_EMIT_LOC_STRINGS = NO;
				SWIFT_VERSION = 5.0;
				TARGETED_DEVICE_FAMILY = "1,2";
				TEST_TARGET_NAME = "Quiz Me Up";
			};
			name = Release;
		};
/* End XCBuildConfiguration section */

/* Begin XCConfigurationList section */
		403DDA97296FEFCF00FC2213 /* Build configuration list for PBXProject "Quiz Me Up" */ = {
			isa = XCConfigurationList;
			buildConfigurations = (
				403DDAC4296FEFD100FC2213 /* Debug */,
				403DDAC5296FEFD100FC2213 /* Release */,
			);
			defaultConfigurationIsVisible = 0;
			defaultConfigurationName = Release;
		};
		403DDAC6296FEFD100FC2213 /* Build configuration list for PBXNativeTarget "Quiz Me Up" */ = {
			isa = XCConfigurationList;
			buildConfigurations = (
				403DDAC7296FEFD100FC2213 /* Debug */,
				403DDAC8296FEFD100FC2213 /* Release */,
			);
			defaultConfigurationIsVisible = 0;
			defaultConfigurationName = Release;
		};
		403DDAC9296FEFD100FC2213 /* Build configuration list for PBXNativeTarget "Quiz Me UpTests" */ = {
			isa = XCConfigurationList;
			buildConfigurations = (
				403DDACA296FEFD100FC2213 /* Debug */,
				403DDACB296FEFD100FC2213 /* Release */,
			);
			defaultConfigurationIsVisible = 0;
			defaultConfigurationName = Release;
		};
		403DDACC296FEFD100FC2213 /* Build configuration list for PBXNativeTarget "Quiz Me UpUITests" */ = {
			isa = XCConfigurationList;
			buildConfigurations = (
				403DDACD296FEFD100FC2213 /* Debug */,
				403DDACE296FEFD100FC2213 /* Release */,
			);
			defaultConfigurationIsVisible = 0;
			defaultConfigurationName = Release;
		};
/* End XCConfigurationList section */
	};
	rootObject = 403DDA94296FEFCF00FC2213 /* Project object */;
}
